
Microsoft Visual Studio Solution File, Format Version 12.00
# Visual Studio Version 16
VisualStudioVersion = 16.0.30523.141
MinimumVisualStudioVersion = 10.0.40219.1
Project("{FAE04EC0-301F-11D3-BF4B-00C04F79EFBC}") = "FormShapes", "FormShapes.csproj", "{3AE896F6-DCC3-44F9-B78C-57DAEB1170E2}"
EndProject
Global
	GlobalSection(SolutionConfigurationPlatforms) = preSolution
		Debug|Any CPU = Debug|Any CPU
		Release|Any CPU = Release|Any CPU
	EndGlobalSection
	GlobalSection(ProjectConfigurationPlatforms) = postSolution
		{3AE896F6-DCC3-44F9-B78C-57DAEB1170E2}.Debug|Any CPU.ActiveCfg = Debug|Any CPU
		{3AE896F6-DCC3-44F9-B78C-57DAEB1170E2}.Debug|Any CPU.Build.0 = Debug|Any CPU
		{3AE896F6-DCC3-44F9-B78C-57DAEB1170E2}.Release|Any CPU.ActiveCfg = Release|Any CPU
		{3AE896F6-DCC3-44F9-B78C-57DAEB1170E2}.Release|Any CPU.Build.0 = Release|Any CPU
	EndGlobalSection
	GlobalSection(SolutionProperties) = preSolution
		HideSolutionNode = FALSE
	EndGlobalSection
	GlobalSection(ExtensibilityGlobals) = postSolution
		SolutionGuid = {68F04722-B0A7-4909-AB66-D4E52798AFFF}
	EndGlobalSection
EndGlobal
